
Microsoft Visual Studio Solution File, Format Version 12.00
# Visual Studio Version 17
VisualStudioVersion = 17.13.35828.75
MinimumVisualStudioVersion = 10.0.40219.1
Project("{FAE04EC0-301F-11D3-BF4B-00C04F79EFBC}") = "Challenge.API", "Challenge.API.csproj", "{75403448-E972-48F8-9918-C745C1CC739C}"
EndProject
Project("{FAE04EC0-301F-11D3-BF4B-00C04F79EFBC}") = "Challenge.Application", "..\Challenge.Application\Challenge.Application.csproj", "{11A6731D-0513-4156-BF95-355E0890DFBE}"
EndProject
Project("{FAE04EC0-301F-11D3-BF4B-00C04F79EFBC}") = "Challenge.Infrastructure", "..\Challenge.Infrastructure\Challenge.Infrastructure.csproj", "{E857AA94-5E8E-482A-986F-19B234843989}"
EndProject
Project("{FAE04EC0-301F-11D3-BF4B-00C04F79EFBC}") = "Challenge.Domain", "..\Challenge.Domain\Challenge.Domain.csproj", "{AFB8430A-4941-46FE-B765-1ACA8C72E029}"
EndProject
Project("{FAE04EC0-301F-11D3-BF4B-00C04F79EFBC}") = "Challenge.DI", "..\Challenge.DI\Challenge.DI.csproj", "{61A55796-3993-44CC-A5B4-3139FD387A65}"
EndProject
Project("{FAE04EC0-301F-11D3-BF4B-00C04F79EFBC}") = "Challenge.Database", "..\Challenge.Database\Challenge.Database.csproj", "{09E7AE84-25F3-432D-82F1-F5B394EF1EC7}"
EndProject
Project("{2150E333-8FDC-42A3-9474-1A3956D46DE8}") = "Tests", "Tests", "{02EA681E-C7D8-13C7-8484-4AC65E1B71E8}"
EndProject
Project("{FAE04EC0-301F-11D3-BF4B-00C04F79EFBC}") = "Challenge.API.Tests", "..\Tests\Challenge.API.Tests\Challenge.API.Tests.csproj", "{005596E4-7BFB-48AC-B731-D6811973FBBA}"
EndProject
Project("{FAE04EC0-301F-11D3-BF4B-00C04F79EFBC}") = "Challenge.Application.Tests", "..\Tests\Challenge.Application.Tests\Challenge.Application.Tests.csproj", "{388F9440-A8E2-4328-A82D-10276FA35C28}"
EndProject
Global
	GlobalSection(SolutionConfigurationPlatforms) = preSolution
		Debug|Any CPU = Debug|Any CPU
		Release|Any CPU = Release|Any CPU
	EndGlobalSection
	GlobalSection(ProjectConfigurationPlatforms) = postSolution
		{75403448-E972-48F8-9918-C745C1CC739C}.Debug|Any CPU.ActiveCfg = Debug|Any CPU
		{75403448-E972-48F8-9918-C745C1CC739C}.Debug|Any CPU.Build.0 = Debug|Any CPU
		{75403448-E972-48F8-9918-C745C1CC739C}.Release|Any CPU.ActiveCfg = Release|Any CPU
		{75403448-E972-48F8-9918-C745C1CC739C}.Release|Any CPU.Build.0 = Release|Any CPU
		{11A6731D-0513-4156-BF95-355E0890DFBE}.Debug|Any CPU.ActiveCfg = Debug|Any CPU
		{11A6731D-0513-4156-BF95-355E0890DFBE}.Debug|Any CPU.Build.0 = Debug|Any CPU
		{11A6731D-0513-4156-BF95-355E0890DFBE}.Release|Any CPU.ActiveCfg = Release|Any CPU
		{11A6731D-0513-4156-BF95-355E0890DFBE}.Release|Any CPU.Build.0 = Release|Any CPU
		{E857AA94-5E8E-482A-986F-19B234843989}.Debug|Any CPU.ActiveCfg = Debug|Any CPU
		{E857AA94-5E8E-482A-986F-19B234843989}.Debug|Any CPU.Build.0 = Debug|Any CPU
		{E857AA94-5E8E-482A-986F-19B234843989}.Release|Any CPU.ActiveCfg = Release|Any CPU
		{E857AA94-5E8E-482A-986F-19B234843989}.Release|Any CPU.Build.0 = Release|Any CPU
		{AFB8430A-4941-46FE-B765-1ACA8C72E029}.Debug|Any CPU.ActiveCfg = Debug|Any CPU
		{AFB8430A-4941-46FE-B765-1ACA8C72E029}.Debug|Any CPU.Build.0 = Debug|Any CPU
		{AFB8430A-4941-46FE-B765-1ACA8C72E029}.Release|Any CPU.ActiveCfg = Release|Any CPU
		{AFB8430A-4941-46FE-B765-1ACA8C72E029}.Release|Any CPU.Build.0 = Release|Any CPU
		{61A55796-3993-44CC-A5B4-3139FD387A65}.Debug|Any CPU.ActiveCfg = Debug|Any CPU
		{61A55796-3993-44CC-A5B4-3139FD387A65}.Debug|Any CPU.Build.0 = Debug|Any CPU
		{61A55796-3993-44CC-A5B4-3139FD387A65}.Release|Any CPU.ActiveCfg = Release|Any CPU
		{61A55796-3993-44CC-A5B4-3139FD387A65}.Release|Any CPU.Build.0 = Release|Any CPU
		{09E7AE84-25F3-432D-82F1-F5B394EF1EC7}.Debug|Any CPU.ActiveCfg = Debug|Any CPU
		{09E7AE84-25F3-432D-82F1-F5B394EF1EC7}.Debug|Any CPU.Build.0 = Debug|Any CPU
		{09E7AE84-25F3-432D-82F1-F5B394EF1EC7}.Release|Any CPU.ActiveCfg = Release|Any CPU
		{09E7AE84-25F3-432D-82F1-F5B394EF1EC7}.Release|Any CPU.Build.0 = Release|Any CPU
		{005596E4-7BFB-48AC-B731-D6811973FBBA}.Debug|Any CPU.ActiveCfg = Debug|Any CPU
		{005596E4-7BFB-48AC-B731-D6811973FBBA}.Debug|Any CPU.Build.0 = Debug|Any CPU
		{005596E4-7BFB-48AC-B731-D6811973FBBA}.Release|Any CPU.ActiveCfg = Release|Any CPU
		{005596E4-7BFB-48AC-B731-D6811973FBBA}.Release|Any CPU.Build.0 = Release|Any CPU
		{388F9440-A8E2-4328-A82D-10276FA35C28}.Debug|Any CPU.ActiveCfg = Debug|Any CPU
		{388F9440-A8E2-4328-A82D-10276FA35C28}.Debug|Any CPU.Build.0 = Debug|Any CPU
		{388F9440-A8E2-4328-A82D-10276FA35C28}.Release|Any CPU.ActiveCfg = Release|Any CPU
		{388F9440-A8E2-4328-A82D-10276FA35C28}.Release|Any CPU.Build.0 = Release|Any CPU
	EndGlobalSection
	GlobalSection(SolutionProperties) = preSolution
		HideSolutionNode = FALSE
	EndGlobalSection
	GlobalSection(NestedProjects) = preSolution
		{005596E4-7BFB-48AC-B731-D6811973FBBA} = {02EA681E-C7D8-13C7-8484-4AC65E1B71E8}
		{388F9440-A8E2-4328-A82D-10276FA35C28} = {02EA681E-C7D8-13C7-8484-4AC65E1B71E8}
	EndGlobalSection
	GlobalSection(ExtensibilityGlobals) = postSolution
		SolutionGuid = {40D6B92E-B5B0-413B-8CDD-B43822DD3253}
	EndGlobalSection
EndGlobal
